// !$*UTF8*$!
{
	archiveVersion = 1;
	classes = {
	};
	objectVersion = 46;
	objects = {

/* Begin PBXBuildFile section */
		810DD2751CEB6BEA00EAF8A8 /* AppDelegate.swift in Sources */ = {isa = PBXBuildFile; fileRef = 810DD2741CEB6BEA00EAF8A8 /* AppDelegate.swift */; };
		810DD2771CEB6BEA00EAF8A8 /* StreamViewController.swift in Sources */ = {isa = PBXBuildFile; fileRef = 810DD2761CEB6BEA00EAF8A8 /* StreamViewController.swift */; };
		810DD27C1CEB6BEA00EAF8A8 /* Assets.xcassets in Resources */ = {isa = PBXBuildFile; fileRef = 810DD27B1CEB6BEA00EAF8A8 /* Assets.xcassets */; };
		810DD2871CEB6EBD00EAF8A8 /* Alamofire.framework in Frameworks */ = {isa = PBXBuildFile; fileRef = 810DD2861CEB6EBD00EAF8A8 /* Alamofire.framework */; };
		810DD2881CEB6EBD00EAF8A8 /* Alamofire.framework in Embed Frameworks */ = {isa = PBXBuildFile; fileRef = 810DD2861CEB6EBD00EAF8A8 /* Alamofire.framework */; settings = {ATTRIBUTES = (CodeSignOnCopy, RemoveHeadersOnCopy, ); }; };
		810DD28B1CEB6EC500EAF8A8 /* Argo.framework in Frameworks */ = {isa = PBXBuildFile; fileRef = 810DD28A1CEB6EC500EAF8A8 /* Argo.framework */; };
		810DD28C1CEB6EC500EAF8A8 /* Argo.framework in Embed Frameworks */ = {isa = PBXBuildFile; fileRef = 810DD28A1CEB6EC500EAF8A8 /* Argo.framework */; settings = {ATTRIBUTES = (CodeSignOnCopy, RemoveHeadersOnCopy, ); }; };
		810DD28E1CEB6ECC00EAF8A8 /* PureLayout.framework in Frameworks */ = {isa = PBXBuildFile; fileRef = 810DD28D1CEB6ECC00EAF8A8 /* PureLayout.framework */; };
		810DD28F1CEB6ECC00EAF8A8 /* PureLayout.framework in Embed Frameworks */ = {isa = PBXBuildFile; fileRef = 810DD28D1CEB6ECC00EAF8A8 /* PureLayout.framework */; settings = {ATTRIBUTES = (CodeSignOnCopy, RemoveHeadersOnCopy, ); }; };
		810DD2911CEB6ED700EAF8A8 /* ReactiveCocoa.framework in Frameworks */ = {isa = PBXBuildFile; fileRef = 810DD2901CEB6ED700EAF8A8 /* ReactiveCocoa.framework */; };
		810DD2921CEB6ED700EAF8A8 /* ReactiveCocoa.framework in Embed Frameworks */ = {isa = PBXBuildFile; fileRef = 810DD2901CEB6ED700EAF8A8 /* ReactiveCocoa.framework */; settings = {ATTRIBUTES = (CodeSignOnCopy, RemoveHeadersOnCopy, ); }; };
		810DD2941CEB6EDE00EAF8A8 /* Result.framework in Frameworks */ = {isa = PBXBuildFile; fileRef = 810DD2931CEB6EDE00EAF8A8 /* Result.framework */; };
		810DD2951CEB6EDE00EAF8A8 /* Result.framework in Embed Frameworks */ = {isa = PBXBuildFile; fileRef = 810DD2931CEB6EDE00EAF8A8 /* Result.framework */; settings = {ATTRIBUTES = (CodeSignOnCopy, RemoveHeadersOnCopy, ); }; };
		8134EB901D0F55D8002B5C8F /* Sex.swift in Sources */ = {isa = PBXBuildFile; fileRef = 8134EB8F1D0F55D8002B5C8F /* Sex.swift */; };
		8134EB921D0F561A002B5C8F /* Size.swift in Sources */ = {isa = PBXBuildFile; fileRef = 8134EB911D0F561A002B5C8F /* Size.swift */; };
		8134EB941D0F5650002B5C8F /* Animal.swift in Sources */ = {isa = PBXBuildFile; fileRef = 8134EB931D0F5650002B5C8F /* Animal.swift */; };
		8134EB961D0F5684002B5C8F /* Age.swift in Sources */ = {isa = PBXBuildFile; fileRef = 8134EB951D0F5684002B5C8F /* Age.swift */; };
		8134EB981D0F56AD002B5C8F /* AdoptionStatus.swift in Sources */ = {isa = PBXBuildFile; fileRef = 8134EB971D0F56AD002B5C8F /* AdoptionStatus.swift */; };
		8134EB9A1D0F5DFA002B5C8F /* API+Breed.swift in Sources */ = {isa = PBXBuildFile; fileRef = 8134EB991D0F5DFA002B5C8F /* API+Breed.swift */; };
		8134EB9C1D0F6FC3002B5C8F /* Launch Screen.storyboard in Resources */ = {isa = PBXBuildFile; fileRef = 8134EB9B1D0F6FC3002B5C8F /* Launch Screen.storyboard */; };
		8134EB9F1D0F7134002B5C8F /* PetCell.swift in Sources */ = {isa = PBXBuildFile; fileRef = 8134EB9E1D0F7134002B5C8F /* PetCell.swift */; };
		8134EBA21D0FB9BD002B5C8F /* StreamViewModel.swift in Sources */ = {isa = PBXBuildFile; fileRef = 8134EBA11D0FB9BD002B5C8F /* StreamViewModel.swift */; };
		8134EBA61D0FC6BA002B5C8F /* WebImage.framework in Frameworks */ = {isa = PBXBuildFile; fileRef = 8134EBA51D0FC6BA002B5C8F /* WebImage.framework */; };
		815EBEAF1D0E29890056ECF6 /* Decode+Helpers.swift in Sources */ = {isa = PBXBuildFile; fileRef = 815EBEAE1D0E29890056ECF6 /* Decode+Helpers.swift */; };
		815EBEB11D0E35D70056ECF6 /* Shelter.swift in Sources */ = {isa = PBXBuildFile; fileRef = 815EBEB01D0E35D70056ECF6 /* Shelter.swift */; };
		815EBEB31D0E407E0056ECF6 /* API+Shelter.swift in Sources */ = {isa = PBXBuildFile; fileRef = 815EBEB21D0E407E0056ECF6 /* API+Shelter.swift */; };
		815EBEB51D0F04980056ECF6 /* Request+ArgoResponseSerializer.swift in Sources */ = {isa = PBXBuildFile; fileRef = 815EBEB41D0F04980056ECF6 /* Request+ArgoResponseSerializer.swift */; };
		815EBEB71D0F15720056ECF6 /* Breed.swift in Sources */ = {isa = PBXBuildFile; fileRef = 815EBEB61D0F15720056ECF6 /* Breed.swift */; };
		816617E51D359018006CD506 /* FilterSelectionViewController.swift in Sources */ = {isa = PBXBuildFile; fileRef = 816617E41D359018006CD506 /* FilterSelectionViewController.swift */; };
		8174B3FF1D0B70DD00F374D4 /* Contact.swift in Sources */ = {isa = PBXBuildFile; fileRef = 8174B3FE1D0B70DD00F374D4 /* Contact.swift */; };
		8174B4011D0C6D1E00F374D4 /* Photo.swift in Sources */ = {isa = PBXBuildFile; fileRef = 8174B4001D0C6D1E00F374D4 /* Photo.swift */; };
		81919FC51D109EC0000334BC /* PetCellLabelView.swift in Sources */ = {isa = PBXBuildFile; fileRef = 81919FC41D109EC0000334BC /* PetCellLabelView.swift */; };
		819E8E091D0B5C5D00697ADB /* Pet.swift in Sources */ = {isa = PBXBuildFile; fileRef = 819E8E081D0B5C5D00697ADB /* Pet.swift */; };
		819E8E0C1D0B5F1A00697ADB /* Endpoint.swift in Sources */ = {isa = PBXBuildFile; fileRef = 819E8E0B1D0B5F1A00697ADB /* Endpoint.swift */; };
		819E8E0E1D0B5F4400697ADB /* API.swift in Sources */ = {isa = PBXBuildFile; fileRef = 819E8E0D1D0B5F4400697ADB /* API.swift */; };
		819E8E101D0B60C700697ADB /* API+Pet.swift in Sources */ = {isa = PBXBuildFile; fileRef = 819E8E0F1D0B60C700697ADB /* API+Pet.swift */; };
		819E8E131D0B65B000697ADB /* Dictionary.swift in Sources */ = {isa = PBXBuildFile; fileRef = 819E8E121D0B65B000697ADB /* Dictionary.swift */; };
		81C58E631D1E2BB300635986 /* UIActivityIndicatorView.swift in Sources */ = {isa = PBXBuildFile; fileRef = 81C58E621D1E2BB300635986 /* UIActivityIndicatorView.swift */; };
		81C58E651D1E2F1100635986 /* RAC+Extensions.swift in Sources */ = {isa = PBXBuildFile; fileRef = 81C58E641D1E2F1100635986 /* RAC+Extensions.swift */; };
		81C58E691D20B98F00635986 /* CircularProgressView.swift in Sources */ = {isa = PBXBuildFile; fileRef = 81C58E681D20B98F00635986 /* CircularProgressView.swift */; };
		81C58E6B1D20B9AF00635986 /* LoadingImageView.swift in Sources */ = {isa = PBXBuildFile; fileRef = 81C58E6A1D20B9AF00635986 /* LoadingImageView.swift */; };
		81C58E6D1D22E4A100635986 /* ContactViewController.swift in Sources */ = {isa = PBXBuildFile; fileRef = 81C58E6C1D22E4A100635986 /* ContactViewController.swift */; };
		81C58E6F1D22EA2800635986 /* ContactViewModel.swift in Sources */ = {isa = PBXBuildFile; fileRef = 81C58E6E1D22EA2800635986 /* ContactViewModel.swift */; };
		81CE14BA1D14CC4F0092111E /* TableViewBackground.swift in Sources */ = {isa = PBXBuildFile; fileRef = 81CE14B91D14CC4F0092111E /* TableViewBackground.swift */; };
		81CE14BC1D1732630092111E /* UITableView.swift in Sources */ = {isa = PBXBuildFile; fileRef = 81CE14BB1D1732630092111E /* UITableView.swift */; };
		81CE14BE1D185A200092111E /* FilterListViewController.swift in Sources */ = {isa = PBXBuildFile; fileRef = 81CE14BD1D185A200092111E /* FilterListViewController.swift */; };
		81CE14C01D1861E50092111E /* UINavigationBar.swift in Sources */ = {isa = PBXBuildFile; fileRef = 81CE14BF1D1861E50092111E /* UINavigationBar.swift */; };
		81CE14C21D18641A0092111E /* UITabBar.swift in Sources */ = {isa = PBXBuildFile; fileRef = 81CE14C11D18641A0092111E /* UITabBar.swift */; };
		81CE14C61D1877280092111E /* SimpleFilterCell.swift in Sources */ = {isa = PBXBuildFile; fileRef = 81CE14C51D1877280092111E /* SimpleFilterCell.swift */; };
		81CE14C91D188C9B0092111E /* LocationManager.swift in Sources */ = {isa = PBXBuildFile; fileRef = 81CE14C81D188C9B0092111E /* LocationManager.swift */; };
		81D2445B1D341DAE0071BB99 /* TextfieldCell.swift in Sources */ = {isa = PBXBuildFile; fileRef = 81D2445A1D341DAE0071BB99 /* TextfieldCell.swift */; };
		81D2445D1D341DC50071BB99 /* SimpleTextCell.swift in Sources */ = {isa = PBXBuildFile; fileRef = 81D2445C1D341DC50071BB99 /* SimpleTextCell.swift */; };
		81E798C91D19A4B600135EAB /* UIColor.swift in Sources */ = {isa = PBXBuildFile; fileRef = 81E798C81D19A4B600135EAB /* UIColor.swift */; };
		81E798CB1D19E07C00135EAB /* BaseModalViewController.swift in Sources */ = {isa = PBXBuildFile; fileRef = 81E798CA1D19E07C00135EAB /* BaseModalViewController.swift */; };
		81FB684D1D2C108F0032916F /* AppCoordinator.swift in Sources */ = {isa = PBXBuildFile; fileRef = 81FB684C1D2C108F0032916F /* AppCoordinator.swift */; };
		81FB684F1D2C15610032916F /* PetCoordinator.swift in Sources */ = {isa = PBXBuildFile; fileRef = 81FB684E1D2C15610032916F /* PetCoordinator.swift */; };
		81FB68511D2C17110032916F /* ShelterCoordinator.swift in Sources */ = {isa = PBXBuildFile; fileRef = 81FB68501D2C17110032916F /* ShelterCoordinator.swift */; };
		81FB68541D2C17310032916F /* FavoritesCoordinator.swift in Sources */ = {isa = PBXBuildFile; fileRef = 81FB68531D2C17310032916F /* FavoritesCoordinator.swift */; };
		81FB68561D2C1E140032916F /* FilterManager.swift in Sources */ = {isa = PBXBuildFile; fileRef = 81FB68551D2C1E140032916F /* FilterManager.swift */; };
/* End PBXBuildFile section */

/* Begin PBXCopyFilesBuildPhase section */
		810DD2891CEB6EBD00EAF8A8 /* Embed Frameworks */ = {
			isa = PBXCopyFilesBuildPhase;
			buildActionMask = 2147483647;
			dstPath = "";
			dstSubfolderSpec = 10;
			files = (
				810DD2881CEB6EBD00EAF8A8 /* Alamofire.framework in Embed Frameworks */,
				810DD28F1CEB6ECC00EAF8A8 /* PureLayout.framework in Embed Frameworks */,
				810DD2951CEB6EDE00EAF8A8 /* Result.framework in Embed Frameworks */,
				810DD28C1CEB6EC500EAF8A8 /* Argo.framework in Embed Frameworks */,
				810DD2921CEB6ED700EAF8A8 /* ReactiveCocoa.framework in Embed Frameworks */,
			);
			name = "Embed Frameworks";
			runOnlyForDeploymentPostprocessing = 0;
		};
/* End PBXCopyFilesBuildPhase section */

/* Begin PBXFileReference section */
		810DD2711CEB6BEA00EAF8A8 /* PetScape.app */ = {isa = PBXFileReference; explicitFileType = wrapper.application; includeInIndex = 0; path = PetScape.app; sourceTree = BUILT_PRODUCTS_DIR; };
		810DD2741CEB6BEA00EAF8A8 /* AppDelegate.swift */ = {isa = PBXFileReference; lastKnownFileType = sourcecode.swift; path = AppDelegate.swift; sourceTree = "<group>"; };
		810DD2761CEB6BEA00EAF8A8 /* StreamViewController.swift */ = {isa = PBXFileReference; lastKnownFileType = sourcecode.swift; path = StreamViewController.swift; sourceTree = "<group>"; };
		810DD27B1CEB6BEA00EAF8A8 /* Assets.xcassets */ = {isa = PBXFileReference; lastKnownFileType = folder.assetcatalog; path = Assets.xcassets; sourceTree = "<group>"; };
		810DD2801CEB6BEA00EAF8A8 /* Info.plist */ = {isa = PBXFileReference; lastKnownFileType = text.plist.xml; path = Info.plist; sourceTree = "<group>"; };
		810DD2861CEB6EBD00EAF8A8 /* Alamofire.framework */ = {isa = PBXFileReference; lastKnownFileType = wrapper.framework; name = Alamofire.framework; path = Carthage/Build/iOS/Alamofire.framework; sourceTree = "<group>"; };
		810DD28A1CEB6EC500EAF8A8 /* Argo.framework */ = {isa = PBXFileReference; lastKnownFileType = wrapper.framework; name = Argo.framework; path = Carthage/Build/iOS/Argo.framework; sourceTree = "<group>"; };
		810DD28D1CEB6ECC00EAF8A8 /* PureLayout.framework */ = {isa = PBXFileReference; lastKnownFileType = wrapper.framework; name = PureLayout.framework; path = Carthage/Build/iOS/PureLayout.framework; sourceTree = "<group>"; };
		810DD2901CEB6ED700EAF8A8 /* ReactiveCocoa.framework */ = {isa = PBXFileReference; lastKnownFileType = wrapper.framework; name = ReactiveCocoa.framework; path = Carthage/Build/iOS/ReactiveCocoa.framework; sourceTree = "<group>"; };
		810DD2931CEB6EDE00EAF8A8 /* Result.framework */ = {isa = PBXFileReference; lastKnownFileType = wrapper.framework; name = Result.framework; path = Carthage/Build/iOS/Result.framework; sourceTree = "<group>"; };
		8134EB8F1D0F55D8002B5C8F /* Sex.swift */ = {isa = PBXFileReference; fileEncoding = 4; lastKnownFileType = sourcecode.swift; path = Sex.swift; sourceTree = "<group>"; };
		8134EB911D0F561A002B5C8F /* Size.swift */ = {isa = PBXFileReference; fileEncoding = 4; lastKnownFileType = sourcecode.swift; path = Size.swift; sourceTree = "<group>"; };
		8134EB931D0F5650002B5C8F /* Animal.swift */ = {isa = PBXFileReference; fileEncoding = 4; lastKnownFileType = sourcecode.swift; path = Animal.swift; sourceTree = "<group>"; };
		8134EB951D0F5684002B5C8F /* Age.swift */ = {isa = PBXFileReference; fileEncoding = 4; lastKnownFileType = sourcecode.swift; path = Age.swift; sourceTree = "<group>"; };
		8134EB971D0F56AD002B5C8F /* AdoptionStatus.swift */ = {isa = PBXFileReference; fileEncoding = 4; lastKnownFileType = sourcecode.swift; path = AdoptionStatus.swift; sourceTree = "<group>"; };
		8134EB991D0F5DFA002B5C8F /* API+Breed.swift */ = {isa = PBXFileReference; fileEncoding = 4; lastKnownFileType = sourcecode.swift; path = "API+Breed.swift"; sourceTree = "<group>"; };
		8134EB9B1D0F6FC3002B5C8F /* Launch Screen.storyboard */ = {isa = PBXFileReference; fileEncoding = 4; lastKnownFileType = file.storyboard; path = "Launch Screen.storyboard"; sourceTree = "<group>"; };
		8134EB9E1D0F7134002B5C8F /* PetCell.swift */ = {isa = PBXFileReference; fileEncoding = 4; lastKnownFileType = sourcecode.swift; path = PetCell.swift; sourceTree = "<group>"; };
		8134EBA11D0FB9BD002B5C8F /* StreamViewModel.swift */ = {isa = PBXFileReference; fileEncoding = 4; lastKnownFileType = sourcecode.swift; path = StreamViewModel.swift; sourceTree = "<group>"; };
		8134EBA51D0FC6BA002B5C8F /* WebImage.framework */ = {isa = PBXFileReference; lastKnownFileType = wrapper.framework; name = WebImage.framework; path = Carthage/Build/iOS/WebImage.framework; sourceTree = "<group>"; };
		815EBEAE1D0E29890056ECF6 /* Decode+Helpers.swift */ = {isa = PBXFileReference; fileEncoding = 4; lastKnownFileType = sourcecode.swift; path = "Decode+Helpers.swift"; sourceTree = "<group>"; };
		815EBEB01D0E35D70056ECF6 /* Shelter.swift */ = {isa = PBXFileReference; fileEncoding = 4; lastKnownFileType = sourcecode.swift; path = Shelter.swift; sourceTree = "<group>"; };
		815EBEB21D0E407E0056ECF6 /* API+Shelter.swift */ = {isa = PBXFileReference; fileEncoding = 4; lastKnownFileType = sourcecode.swift; path = "API+Shelter.swift"; sourceTree = "<group>"; };
		815EBEB41D0F04980056ECF6 /* Request+ArgoResponseSerializer.swift */ = {isa = PBXFileReference; fileEncoding = 4; lastKnownFileType = sourcecode.swift; path = "Request+ArgoResponseSerializer.swift"; sourceTree = "<group>"; };
		815EBEB61D0F15720056ECF6 /* Breed.swift */ = {isa = PBXFileReference; fileEncoding = 4; lastKnownFileType = sourcecode.swift; path = Breed.swift; sourceTree = "<group>"; };
		816617E41D359018006CD506 /* FilterSelectionViewController.swift */ = {isa = PBXFileReference; fileEncoding = 4; lastKnownFileType = sourcecode.swift; path = FilterSelectionViewController.swift; sourceTree = "<group>"; };
		8174B3FE1D0B70DD00F374D4 /* Contact.swift */ = {isa = PBXFileReference; fileEncoding = 4; lastKnownFileType = sourcecode.swift; path = Contact.swift; sourceTree = "<group>"; };
		8174B4001D0C6D1E00F374D4 /* Photo.swift */ = {isa = PBXFileReference; fileEncoding = 4; lastKnownFileType = sourcecode.swift; path = Photo.swift; sourceTree = "<group>"; };
		81919FC41D109EC0000334BC /* PetCellLabelView.swift */ = {isa = PBXFileReference; fileEncoding = 4; lastKnownFileType = sourcecode.swift; path = PetCellLabelView.swift; sourceTree = "<group>"; };
		819E8E081D0B5C5D00697ADB /* Pet.swift */ = {isa = PBXFileReference; fileEncoding = 4; lastKnownFileType = sourcecode.swift; path = Pet.swift; sourceTree = "<group>"; };
		819E8E0B1D0B5F1A00697ADB /* Endpoint.swift */ = {isa = PBXFileReference; fileEncoding = 4; lastKnownFileType = sourcecode.swift; path = Endpoint.swift; sourceTree = "<group>"; };
		819E8E0D1D0B5F4400697ADB /* API.swift */ = {isa = PBXFileReference; fileEncoding = 4; lastKnownFileType = sourcecode.swift; path = API.swift; sourceTree = "<group>"; };
		819E8E0F1D0B60C700697ADB /* API+Pet.swift */ = {isa = PBXFileReference; fileEncoding = 4; lastKnownFileType = sourcecode.swift; path = "API+Pet.swift"; sourceTree = "<group>"; };
		819E8E121D0B65B000697ADB /* Dictionary.swift */ = {isa = PBXFileReference; fileEncoding = 4; lastKnownFileType = sourcecode.swift; path = Dictionary.swift; sourceTree = "<group>"; };
		81C58E621D1E2BB300635986 /* UIActivityIndicatorView.swift */ = {isa = PBXFileReference; fileEncoding = 4; lastKnownFileType = sourcecode.swift; path = UIActivityIndicatorView.swift; sourceTree = "<group>"; };
		81C58E641D1E2F1100635986 /* RAC+Extensions.swift */ = {isa = PBXFileReference; fileEncoding = 4; lastKnownFileType = sourcecode.swift; path = "RAC+Extensions.swift"; sourceTree = "<group>"; };
		81C58E681D20B98F00635986 /* CircularProgressView.swift */ = {isa = PBXFileReference; fileEncoding = 4; lastKnownFileType = sourcecode.swift; path = CircularProgressView.swift; sourceTree = "<group>"; };
		81C58E6A1D20B9AF00635986 /* LoadingImageView.swift */ = {isa = PBXFileReference; fileEncoding = 4; lastKnownFileType = sourcecode.swift; path = LoadingImageView.swift; sourceTree = "<group>"; };
		81C58E6C1D22E4A100635986 /* ContactViewController.swift */ = {isa = PBXFileReference; fileEncoding = 4; lastKnownFileType = sourcecode.swift; path = ContactViewController.swift; sourceTree = "<group>"; };
		81C58E6E1D22EA2800635986 /* ContactViewModel.swift */ = {isa = PBXFileReference; fileEncoding = 4; lastKnownFileType = sourcecode.swift; path = ContactViewModel.swift; sourceTree = "<group>"; };
		81CE14B91D14CC4F0092111E /* TableViewBackground.swift */ = {isa = PBXFileReference; fileEncoding = 4; lastKnownFileType = sourcecode.swift; path = TableViewBackground.swift; sourceTree = "<group>"; };
		81CE14BB1D1732630092111E /* UITableView.swift */ = {isa = PBXFileReference; fileEncoding = 4; lastKnownFileType = sourcecode.swift; path = UITableView.swift; sourceTree = "<group>"; };
		81CE14BD1D185A200092111E /* FilterListViewController.swift */ = {isa = PBXFileReference; fileEncoding = 4; lastKnownFileType = sourcecode.swift; path = FilterListViewController.swift; sourceTree = "<group>"; };
		81CE14BF1D1861E50092111E /* UINavigationBar.swift */ = {isa = PBXFileReference; fileEncoding = 4; lastKnownFileType = sourcecode.swift; path = UINavigationBar.swift; sourceTree = "<group>"; };
		81CE14C11D18641A0092111E /* UITabBar.swift */ = {isa = PBXFileReference; fileEncoding = 4; lastKnownFileType = sourcecode.swift; path = UITabBar.swift; sourceTree = "<group>"; };
		81CE14C51D1877280092111E /* SimpleFilterCell.swift */ = {isa = PBXFileReference; fileEncoding = 4; lastKnownFileType = sourcecode.swift; path = SimpleFilterCell.swift; sourceTree = "<group>"; };
		81CE14C81D188C9B0092111E /* LocationManager.swift */ = {isa = PBXFileReference; fileEncoding = 4; lastKnownFileType = sourcecode.swift; path = LocationManager.swift; sourceTree = "<group>"; };
		81D2445A1D341DAE0071BB99 /* TextfieldCell.swift */ = {isa = PBXFileReference; fileEncoding = 4; lastKnownFileType = sourcecode.swift; path = TextfieldCell.swift; sourceTree = "<group>"; };
		81D2445C1D341DC50071BB99 /* SimpleTextCell.swift */ = {isa = PBXFileReference; fileEncoding = 4; lastKnownFileType = sourcecode.swift; path = SimpleTextCell.swift; sourceTree = "<group>"; };
		81E798C81D19A4B600135EAB /* UIColor.swift */ = {isa = PBXFileReference; fileEncoding = 4; lastKnownFileType = sourcecode.swift; path = UIColor.swift; sourceTree = "<group>"; };
		81E798CA1D19E07C00135EAB /* BaseModalViewController.swift */ = {isa = PBXFileReference; fileEncoding = 4; lastKnownFileType = sourcecode.swift; path = BaseModalViewController.swift; sourceTree = "<group>"; };
		81FB684C1D2C108F0032916F /* AppCoordinator.swift */ = {isa = PBXFileReference; fileEncoding = 4; lastKnownFileType = sourcecode.swift; path = AppCoordinator.swift; sourceTree = "<group>"; };
		81FB684E1D2C15610032916F /* PetCoordinator.swift */ = {isa = PBXFileReference; fileEncoding = 4; lastKnownFileType = sourcecode.swift; path = PetCoordinator.swift; sourceTree = "<group>"; };
		81FB68501D2C17110032916F /* ShelterCoordinator.swift */ = {isa = PBXFileReference; fileEncoding = 4; lastKnownFileType = sourcecode.swift; path = ShelterCoordinator.swift; sourceTree = "<group>"; };
		81FB68531D2C17310032916F /* FavoritesCoordinator.swift */ = {isa = PBXFileReference; fileEncoding = 4; lastKnownFileType = sourcecode.swift; path = FavoritesCoordinator.swift; sourceTree = "<group>"; };
		81FB68551D2C1E140032916F /* FilterManager.swift */ = {isa = PBXFileReference; fileEncoding = 4; lastKnownFileType = sourcecode.swift; path = FilterManager.swift; sourceTree = "<group>"; };
/* End PBXFileReference section */

/* Begin PBXFrameworksBuildPhase section */
		810DD26E1CEB6BEA00EAF8A8 /* Frameworks */ = {
			isa = PBXFrameworksBuildPhase;
			buildActionMask = 2147483647;
			files = (
				810DD2871CEB6EBD00EAF8A8 /* Alamofire.framework in Frameworks */,
				8134EBA61D0FC6BA002B5C8F /* WebImage.framework in Frameworks */,
				810DD28E1CEB6ECC00EAF8A8 /* PureLayout.framework in Frameworks */,
				810DD2941CEB6EDE00EAF8A8 /* Result.framework in Frameworks */,
				810DD28B1CEB6EC500EAF8A8 /* Argo.framework in Frameworks */,
				810DD2911CEB6ED700EAF8A8 /* ReactiveCocoa.framework in Frameworks */,
			);
			runOnlyForDeploymentPostprocessing = 0;
		};
/* End PBXFrameworksBuildPhase section */

/* Begin PBXGroup section */
		810DD2681CEB6BEA00EAF8A8 = {
			isa = PBXGroup;
			children = (
				8134EBA51D0FC6BA002B5C8F /* WebImage.framework */,
				810DD2931CEB6EDE00EAF8A8 /* Result.framework */,
				810DD2901CEB6ED700EAF8A8 /* ReactiveCocoa.framework */,
				810DD28D1CEB6ECC00EAF8A8 /* PureLayout.framework */,
				810DD28A1CEB6EC500EAF8A8 /* Argo.framework */,
				810DD2861CEB6EBD00EAF8A8 /* Alamofire.framework */,
				810DD2731CEB6BEA00EAF8A8 /* PetScape */,
				810DD2721CEB6BEA00EAF8A8 /* Products */,
			);
			sourceTree = "<group>";
		};
		810DD2721CEB6BEA00EAF8A8 /* Products */ = {
			isa = PBXGroup;
			children = (
				810DD2711CEB6BEA00EAF8A8 /* PetScape.app */,
			);
			name = Products;
			sourceTree = "<group>";
		};
		810DD2731CEB6BEA00EAF8A8 /* PetScape */ = {
			isa = PBXGroup;
			children = (
				810DD2741CEB6BEA00EAF8A8 /* AppDelegate.swift */,
				81FB68521D2C17170032916F /* Coordinators */,
				81CE14C71D188C8B0092111E /* Managers */,
				8134EB9B1D0F6FC3002B5C8F /* Launch Screen.storyboard */,
				81919FC31D109E8D000334BC /* Views */,
				8134EBA01D0FB94B002B5C8F /* View Controllers */,
				819E8E111D0B659F00697ADB /* Extensions */,
				8134EB9D1D0F70FC002B5C8F /* Cells */,
				819E8E0A1D0B5EDC00697ADB /* API */,
				819E8E071D0B5C4700697ADB /* Models */,
				810DD27B1CEB6BEA00EAF8A8 /* Assets.xcassets */,
				810DD2801CEB6BEA00EAF8A8 /* Info.plist */,
			);
			path = PetScape;
			sourceTree = "<group>";
		};
		8134EB8E1D0F55C7002B5C8F /* Model Enums */ = {
			isa = PBXGroup;
			children = (
				8134EB8F1D0F55D8002B5C8F /* Sex.swift */,
				8134EB911D0F561A002B5C8F /* Size.swift */,
				8134EB931D0F5650002B5C8F /* Animal.swift */,
				8134EB971D0F56AD002B5C8F /* AdoptionStatus.swift */,
				8134EB951D0F5684002B5C8F /* Age.swift */,
			);
			name = "Model Enums";
			sourceTree = "<group>";
		};
		8134EB9D1D0F70FC002B5C8F /* Cells */ = {
			isa = PBXGroup;
			children = (
				8134EB9E1D0F7134002B5C8F /* PetCell.swift */,
				81CE14C51D1877280092111E /* SimpleFilterCell.swift */,
				81D2445A1D341DAE0071BB99 /* TextfieldCell.swift */,
				81D2445C1D341DC50071BB99 /* SimpleTextCell.swift */,
			);
			name = Cells;
			sourceTree = "<group>";
		};
		8134EBA01D0FB94B002B5C8F /* View Controllers */ = {
			isa = PBXGroup;
			children = (
				810DD2761CEB6BEA00EAF8A8 /* StreamViewController.swift */,
				8134EBA11D0FB9BD002B5C8F /* StreamViewModel.swift */,
				81CE14BD1D185A200092111E /* FilterListViewController.swift */,
				816617E41D359018006CD506 /* FilterSelectionViewController.swift */,
				81E798CA1D19E07C00135EAB /* BaseModalViewController.swift */,
				81C58E6C1D22E4A100635986 /* ContactViewController.swift */,
				81C58E6E1D22EA2800635986 /* ContactViewModel.swift */,
			);
			name = "View Controllers";
			sourceTree = "<group>";
		};
		81919FC31D109E8D000334BC /* Views */ = {
			isa = PBXGroup;
			children = (
				81919FC41D109EC0000334BC /* PetCellLabelView.swift */,
				81CE14B91D14CC4F0092111E /* TableViewBackground.swift */,
				81C58E681D20B98F00635986 /* CircularProgressView.swift */,
				81C58E6A1D20B9AF00635986 /* LoadingImageView.swift */,
			);
			name = Views;
			sourceTree = "<group>";
		};
		819E8E071D0B5C4700697ADB /* Models */ = {
			isa = PBXGroup;
			children = (
				8134EB8E1D0F55C7002B5C8F /* Model Enums */,
				815EBEAE1D0E29890056ECF6 /* Decode+Helpers.swift */,
				819E8E081D0B5C5D00697ADB /* Pet.swift */,
				815EBEB61D0F15720056ECF6 /* Breed.swift */,
				8174B3FE1D0B70DD00F374D4 /* Contact.swift */,
				8174B4001D0C6D1E00F374D4 /* Photo.swift */,
				815EBEB01D0E35D70056ECF6 /* Shelter.swift */,
			);
			name = Models;
			sourceTree = "<group>";
		};
		819E8E0A1D0B5EDC00697ADB /* API */ = {
			isa = PBXGroup;
			children = (
				819E8E0B1D0B5F1A00697ADB /* Endpoint.swift */,
				815EBEB41D0F04980056ECF6 /* Request+ArgoResponseSerializer.swift */,
				819E8E0D1D0B5F4400697ADB /* API.swift */,
				819E8E0F1D0B60C700697ADB /* API+Pet.swift */,
				815EBEB21D0E407E0056ECF6 /* API+Shelter.swift */,
				8134EB991D0F5DFA002B5C8F /* API+Breed.swift */,
			);
			name = API;
			sourceTree = "<group>";
		};
		819E8E111D0B659F00697ADB /* Extensions */ = {
			isa = PBXGroup;
			children = (
				819E8E121D0B65B000697ADB /* Dictionary.swift */,
				81CE14BB1D1732630092111E /* UITableView.swift */,
				81CE14BF1D1861E50092111E /* UINavigationBar.swift */,
				81CE14C11D18641A0092111E /* UITabBar.swift */,
				81E798C81D19A4B600135EAB /* UIColor.swift */,
				81C58E621D1E2BB300635986 /* UIActivityIndicatorView.swift */,
				81C58E641D1E2F1100635986 /* RAC+Extensions.swift */,
			);
			name = Extensions;
			sourceTree = "<group>";
		};
		81CE14C71D188C8B0092111E /* Managers */ = {
			isa = PBXGroup;
			children = (
				81CE14C81D188C9B0092111E /* LocationManager.swift */,
				81FB68551D2C1E140032916F /* FilterManager.swift */,
			);
			name = Managers;
			sourceTree = "<group>";
		};
		81FB68521D2C17170032916F /* Coordinators */ = {
			isa = PBXGroup;
			children = (
				81FB684C1D2C108F0032916F /* AppCoordinator.swift */,
				81FB684E1D2C15610032916F /* PetCoordinator.swift */,
				81FB68501D2C17110032916F /* ShelterCoordinator.swift */,
				81FB68531D2C17310032916F /* FavoritesCoordinator.swift */,
			);
			name = Coordinators;
			sourceTree = "<group>";
		};
/* End PBXGroup section */

/* Begin PBXNativeTarget section */
		810DD2701CEB6BEA00EAF8A8 /* PetScape */ = {
			isa = PBXNativeTarget;
			buildConfigurationList = 810DD2831CEB6BEA00EAF8A8 /* Build configuration list for PBXNativeTarget "PetScape" */;
			buildPhases = (
				810DD26D1CEB6BEA00EAF8A8 /* Sources */,
				810DD26E1CEB6BEA00EAF8A8 /* Frameworks */,
				810DD26F1CEB6BEA00EAF8A8 /* Resources */,
				810DD2891CEB6EBD00EAF8A8 /* Embed Frameworks */,
				810DD2961CEB6F1300EAF8A8 /* ShellScript */,
			);
			buildRules = (
			);
			dependencies = (
			);
			name = PetScape;
			productName = PetScape;
			productReference = 810DD2711CEB6BEA00EAF8A8 /* PetScape.app */;
			productType = "com.apple.product-type.application";
		};
/* End PBXNativeTarget section */

/* Begin PBXProject section */
		810DD2691CEB6BEA00EAF8A8 /* Project object */ = {
			isa = PBXProject;
			attributes = {
				LastSwiftUpdateCheck = 0730;
				LastUpgradeCheck = 0730;
				ORGANIZATIONNAME = drw;
				TargetAttributes = {
					810DD2701CEB6BEA00EAF8A8 = {
						CreatedOnToolsVersion = 7.3.1;
						DevelopmentTeam = 6SW4QY498T;
						DevelopmentTeamName = "David Warner (Personal Team)";
						LastSwiftMigration = 0800;
					};
				};
			};
			buildConfigurationList = 810DD26C1CEB6BEA00EAF8A8 /* Build configuration list for PBXProject "PetScape" */;
			compatibilityVersion = "Xcode 3.2";
			developmentRegion = English;
			hasScannedForEncodings = 0;
			knownRegions = (
				en,
				Base,
			);
			mainGroup = 810DD2681CEB6BEA00EAF8A8;
			productRefGroup = 810DD2721CEB6BEA00EAF8A8 /* Products */;
			projectDirPath = "";
			projectRoot = "";
			targets = (
				810DD2701CEB6BEA00EAF8A8 /* PetScape */,
			);
		};
/* End PBXProject section */

/* Begin PBXResourcesBuildPhase section */
		810DD26F1CEB6BEA00EAF8A8 /* Resources */ = {
			isa = PBXResourcesBuildPhase;
			buildActionMask = 2147483647;
			files = (
				8134EB9C1D0F6FC3002B5C8F /* Launch Screen.storyboard in Resources */,
				810DD27C1CEB6BEA00EAF8A8 /* Assets.xcassets in Resources */,
			);
			runOnlyForDeploymentPostprocessing = 0;
		};
/* End PBXResourcesBuildPhase section */

/* Begin PBXShellScriptBuildPhase section */
		810DD2961CEB6F1300EAF8A8 /* ShellScript */ = {
			isa = PBXShellScriptBuildPhase;
			buildActionMask = 2147483647;
			files = (
			);
			inputPaths = (
				"$(SRCROOT)/Carthage/Build/iOS/ReactiveCocoa.framework",
				"$(SRCROOT)/Carthage/Build/iOS/Alamofire.framework",
				"$(SRCROOT)/Carthage/Build/iOS/PureLayout.framework",
				"$(SRCROOT)/Carthage/Build/iOS/Result.framework",
				"$(SRCROOT)/Carthage/Build/iOS/Argo.framework",
				"$(SRCROOT)/Carthage/Build/iOS/Curry.framework",
				"$(SRCROOT)/Carthage/Build/iOS/WebImage.framework",
			);
			outputPaths = (
			);
			runOnlyForDeploymentPostprocessing = 0;
			shellPath = /bin/sh;
			shellScript = "/usr/local/bin/carthage copy-frameworks";
		};
/* End PBXShellScriptBuildPhase section */

/* Begin PBXSourcesBuildPhase section */
		810DD26D1CEB6BEA00EAF8A8 /* Sources */ = {
			isa = PBXSourcesBuildPhase;
			buildActionMask = 2147483647;
			files = (
				8134EB921D0F561A002B5C8F /* Size.swift in Sources */,
				81D2445B1D341DAE0071BB99 /* TextfieldCell.swift in Sources */,
				81CE14C61D1877280092111E /* SimpleFilterCell.swift in Sources */,
				81C58E6D1D22E4A100635986 /* ContactViewController.swift in Sources */,
				8134EB941D0F5650002B5C8F /* Animal.swift in Sources */,
				815EBEB31D0E407E0056ECF6 /* API+Shelter.swift in Sources */,
				81FB68561D2C1E140032916F /* FilterManager.swift in Sources */,
				81C58E6F1D22EA2800635986 /* ContactViewModel.swift in Sources */,
				81C58E6B1D20B9AF00635986 /* LoadingImageView.swift in Sources */,
				81C58E691D20B98F00635986 /* CircularProgressView.swift in Sources */,
				810DD2771CEB6BEA00EAF8A8 /* StreamViewController.swift in Sources */,
				819E8E091D0B5C5D00697ADB /* Pet.swift in Sources */,
				81CE14C91D188C9B0092111E /* LocationManager.swift in Sources */,
				81D2445D1D341DC50071BB99 /* SimpleTextCell.swift in Sources */,
				810DD2751CEB6BEA00EAF8A8 /* AppDelegate.swift in Sources */,
				81FB68511D2C17110032916F /* ShelterCoordinator.swift in Sources */,
				81E798C91D19A4B600135EAB /* UIColor.swift in Sources */,
				815EBEB51D0F04980056ECF6 /* Request+ArgoResponseSerializer.swift in Sources */,
				81FB684D1D2C108F0032916F /* AppCoordinator.swift in Sources */,
				8134EB901D0F55D8002B5C8F /* Sex.swift in Sources */,
				815EBEB11D0E35D70056ECF6 /* Shelter.swift in Sources */,
				8134EB981D0F56AD002B5C8F /* AdoptionStatus.swift in Sources */,
				8134EB961D0F5684002B5C8F /* Age.swift in Sources */,
				816617E51D359018006CD506 /* FilterSelectionViewController.swift in Sources */,
				81FB684F1D2C15610032916F /* PetCoordinator.swift in Sources */,
				8134EB9F1D0F7134002B5C8F /* PetCell.swift in Sources */,
				81CE14BC1D1732630092111E /* UITableView.swift in Sources */,
				81919FC51D109EC0000334BC /* PetCellLabelView.swift in Sources */,
				815EBEAF1D0E29890056ECF6 /* Decode+Helpers.swift in Sources */,
				8174B4011D0C6D1E00F374D4 /* Photo.swift in Sources */,
				81C58E631D1E2BB300635986 /* UIActivityIndicatorView.swift in Sources */,
				81CE14C01D1861E50092111E /* UINavigationBar.swift in Sources */,
				81CE14BA1D14CC4F0092111E /* TableViewBackground.swift in Sources */,
				8134EBA21D0FB9BD002B5C8F /* StreamViewModel.swift in Sources */,
				8134EB9A1D0F5DFA002B5C8F /* API+Breed.swift in Sources */,
				815EBEB71D0F15720056ECF6 /* Breed.swift in Sources */,
				81CE14C21D18641A0092111E /* UITabBar.swift in Sources */,
				81CE14BE1D185A200092111E /* FilterListViewController.swift in Sources */,
				81C58E651D1E2F1100635986 /* RAC+Extensions.swift in Sources */,
				81E798CB1D19E07C00135EAB /* BaseModalViewController.swift in Sources */,
				819E8E101D0B60C700697ADB /* API+Pet.swift in Sources */,
				8174B3FF1D0B70DD00F374D4 /* Contact.swift in Sources */,
				819E8E131D0B65B000697ADB /* Dictionary.swift in Sources */,
				81FB68541D2C17310032916F /* FavoritesCoordinator.swift in Sources */,
				819E8E0E1D0B5F4400697ADB /* API.swift in Sources */,
				819E8E0C1D0B5F1A00697ADB /* Endpoint.swift in Sources */,
			);
			runOnlyForDeploymentPostprocessing = 0;
		};
/* End PBXSourcesBuildPhase section */

/* Begin XCBuildConfiguration section */
		810DD2811CEB6BEA00EAF8A8 /* Debug */ = {
			isa = XCBuildConfiguration;
			buildSettings = {
				ALWAYS_SEARCH_USER_PATHS = NO;
				CLANG_ANALYZER_NONNULL = YES;
				CLANG_CXX_LANGUAGE_STANDARD = "gnu++0x";
				CLANG_CXX_LIBRARY = "libc++";
				CLANG_ENABLE_MODULES = YES;
				CLANG_ENABLE_OBJC_ARC = YES;
				CLANG_WARN_BOOL_CONVERSION = YES;
				CLANG_WARN_CONSTANT_CONVERSION = YES;
				CLANG_WARN_DIRECT_OBJC_ISA_USAGE = YES_ERROR;
				CLANG_WARN_EMPTY_BODY = YES;
				CLANG_WARN_ENUM_CONVERSION = YES;
				CLANG_WARN_INT_CONVERSION = YES;
				CLANG_WARN_OBJC_ROOT_CLASS = YES_ERROR;
				CLANG_WARN_UNREACHABLE_CODE = YES;
				CLANG_WARN__DUPLICATE_METHOD_MATCH = YES;
				"CODE_SIGN_IDENTITY[sdk=iphoneos*]" = "iPhone Developer";
				COPY_PHASE_STRIP = NO;
				DEBUG_INFORMATION_FORMAT = dwarf;
				ENABLE_STRICT_OBJC_MSGSEND = YES;
				ENABLE_TESTABILITY = YES;
				GCC_C_LANGUAGE_STANDARD = gnu99;
				GCC_DYNAMIC_NO_PIC = NO;
				GCC_NO_COMMON_BLOCKS = YES;
				GCC_OPTIMIZATION_LEVEL = 0;
				GCC_PREPROCESSOR_DEFINITIONS = (
					"DEBUG=1",
					"$(inherited)",
				);
				GCC_WARN_64_TO_32_BIT_CONVERSION = YES;
				GCC_WARN_ABOUT_RETURN_TYPE = YES_ERROR;
				GCC_WARN_UNDECLARED_SELECTOR = YES;
				GCC_WARN_UNINITIALIZED_AUTOS = YES_AGGRESSIVE;
				GCC_WARN_UNUSED_FUNCTION = YES;
				GCC_WARN_UNUSED_VARIABLE = YES;
				IPHONEOS_DEPLOYMENT_TARGET = 9.3;
				MTL_ENABLE_DEBUG_INFO = YES;
				ONLY_ACTIVE_ARCH = YES;
				SDKROOT = iphoneos;
				SWIFT_OPTIMIZATION_LEVEL = "-Onone";
				TARGETED_DEVICE_FAMILY = "1,2";
			};
			name = Debug;
		};
		810DD2821CEB6BEA00EAF8A8 /* Release */ = {
			isa = XCBuildConfiguration;
			buildSettings = {
				ALWAYS_SEARCH_USER_PATHS = NO;
				CLANG_ANALYZER_NONNULL = YES;
				CLANG_CXX_LANGUAGE_STANDARD = "gnu++0x";
				CLANG_CXX_LIBRARY = "libc++";
				CLANG_ENABLE_MODULES = YES;
				CLANG_ENABLE_OBJC_ARC = YES;
				CLANG_WARN_BOOL_CONVERSION = YES;
				CLANG_WARN_CONSTANT_CONVERSION = YES;
				CLANG_WARN_DIRECT_OBJC_ISA_USAGE = YES_ERROR;
				CLANG_WARN_EMPTY_BODY = YES;
				CLANG_WARN_ENUM_CONVERSION = YES;
				CLANG_WARN_INT_CONVERSION = YES;
				CLANG_WARN_OBJC_ROOT_CLASS = YES_ERROR;
				CLANG_WARN_UNREACHABLE_CODE = YES;
				CLANG_WARN__DUPLICATE_METHOD_MATCH = YES;
				"CODE_SIGN_IDENTITY[sdk=iphoneos*]" = "iPhone Developer";
				COPY_PHASE_STRIP = NO;
				DEBUG_INFORMATION_FORMAT = "dwarf-with-dsym";
				ENABLE_NS_ASSERTIONS = NO;
				ENABLE_STRICT_OBJC_MSGSEND = YES;
				GCC_C_LANGUAGE_STANDARD = gnu99;
				GCC_NO_COMMON_BLOCKS = YES;
				GCC_WARN_64_TO_32_BIT_CONVERSION = YES;
				GCC_WARN_ABOUT_RETURN_TYPE = YES_ERROR;
				GCC_WARN_UNDECLARED_SELECTOR = YES;
				GCC_WARN_UNINITIALIZED_AUTOS = YES_AGGRESSIVE;
				GCC_WARN_UNUSED_FUNCTION = YES;
				GCC_WARN_UNUSED_VARIABLE = YES;
				IPHONEOS_DEPLOYMENT_TARGET = 9.3;
				MTL_ENABLE_DEBUG_INFO = NO;
				SDKROOT = iphoneos;
				TARGETED_DEVICE_FAMILY = "1,2";
				VALIDATE_PRODUCT = YES;
			};
			name = Release;
		};
		810DD2841CEB6BEA00EAF8A8 /* Debug */ = {
			isa = XCBuildConfiguration;
			buildSettings = {
				ASSETCATALOG_COMPILER_APPICON_NAME = AppIcon;
				CODE_SIGN_IDENTITY = "iPhone Developer";
				"CODE_SIGN_IDENTITY[sdk=iphoneos*]" = "iPhone Developer";
				FRAMEWORK_SEARCH_PATHS = (
					"$(inherited)",
					"$(PROJECT_DIR)/Carthage/Build/iOS",
				);
				INFOPLIST_FILE = PetScape/Info.plist;
				LD_RUNPATH_SEARCH_PATHS = "$(inherited) @executable_path/Frameworks";
				PRODUCT_BUNDLE_IDENTIFIER = com.drw.PetScape;
				PRODUCT_NAME = "$(TARGET_NAME)";
				PROVISIONING_PROFILE = "";
				SWIFT_VERSION = 3.0;
			};
			name = Debug;
		};
		810DD2851CEB6BEA00EAF8A8 /* Release */ = {
			isa = XCBuildConfiguration;
			buildSettings = {
				ASSETCATALOG_COMPILER_APPICON_NAME = AppIcon;
				CODE_SIGN_IDENTITY = "iPhone Developer";
				"CODE_SIGN_IDENTITY[sdk=iphoneos*]" = "iPhone Developer";
				FRAMEWORK_SEARCH_PATHS = (
					"$(inherited)",
					"$(PROJECT_DIR)/Carthage/Build/iOS",
				);
				INFOPLIST_FILE = PetScape/Info.plist;
				LD_RUNPATH_SEARCH_PATHS = "$(inherited) @executable_path/Frameworks";
				PRODUCT_BUNDLE_IDENTIFIER = com.drw.PetScape;
				PRODUCT_NAME = "$(TARGET_NAME)";
				PROVISIONING_PROFILE = "";
				SWIFT_VERSION = 3.0;
			};
			name = Release;
		};
/* End XCBuildConfiguration section */

/* Begin XCConfigurationList section */
		810DD26C1CEB6BEA00EAF8A8 /* Build configuration list for PBXProject "PetScape" */ = {
			isa = XCConfigurationList;
			buildConfigurations = (
				810DD2811CEB6BEA00EAF8A8 /* Debug */,
				810DD2821CEB6BEA00EAF8A8 /* Release */,
			);
			defaultConfigurationIsVisible = 0;
			defaultConfigurationName = Release;
		};
		810DD2831CEB6BEA00EAF8A8 /* Build configuration list for PBXNativeTarget "PetScape" */ = {
			isa = XCConfigurationList;
			buildConfigurations = (
				810DD2841CEB6BEA00EAF8A8 /* Debug */,
				810DD2851CEB6BEA00EAF8A8 /* Release */,
			);
			defaultConfigurationIsVisible = 0;
			defaultConfigurationName = Release;
		};
/* End XCConfigurationList section */
	};
	rootObject = 810DD2691CEB6BEA00EAF8A8 /* Project object */;
}
