// !$*UTF8*$!
{
	archiveVersion = 1;
	classes = {
	};
	objectVersion = 46;
	objects = {

/* Begin PBXBuildFile section */
		810DD2751CEB6BEA00EAF8A8 /* AppDelegate.swift in Sources */ = {isa = PBXBuildFile; fileRef = 810DD2741CEB6BEA00EAF8A8 /* AppDelegate.swift */; };
		810DD2771CEB6BEA00EAF8A8 /* ViewController.swift in Sources */ = {isa = PBXBuildFile; fileRef = 810DD2761CEB6BEA00EAF8A8 /* ViewController.swift */; };
		810DD27A1CEB6BEA00EAF8A8 /* Main.storyboard in Resources */ = {isa = PBXBuildFile; fileRef = 810DD2781CEB6BEA00EAF8A8 /* Main.storyboard */; };
		810DD27C1CEB6BEA00EAF8A8 /* Assets.xcassets in Resources */ = {isa = PBXBuildFile; fileRef = 810DD27B1CEB6BEA00EAF8A8 /* Assets.xcassets */; };
		810DD27F1CEB6BEA00EAF8A8 /* LaunchScreen.storyboard in Resources */ = {isa = PBXBuildFile; fileRef = 810DD27D1CEB6BEA00EAF8A8 /* LaunchScreen.storyboard */; };
/* End PBXBuildFile section */

/* Begin PBXFileReference section */
		810DD2711CEB6BEA00EAF8A8 /* PetScape.app */ = {isa = PBXFileReference; explicitFileType = wrapper.application; includeInIndex = 0; path = PetScape.app; sourceTree = BUILT_PRODUCTS_DIR; };
		810DD2741CEB6BEA00EAF8A8 /* AppDelegate.swift */ = {isa = PBXFileReference; lastKnownFileType = sourcecode.swift; path = AppDelegate.swift; sourceTree = "<group>"; };
		810DD2761CEB6BEA00EAF8A8 /* ViewController.swift */ = {isa = PBXFileReference; lastKnownFileType = sourcecode.swift; path = ViewController.swift; sourceTree = "<group>"; };
		810DD2791CEB6BEA00EAF8A8 /* Base */ = {isa = PBXFileReference; lastKnownFileType = file.storyboard; name = Base; path = Base.lproj/Main.storyboard; sourceTree = "<group>"; };
		810DD27B1CEB6BEA00EAF8A8 /* Assets.xcassets */ = {isa = PBXFileReference; lastKnownFileType = folder.assetcatalog; path = Assets.xcassets; sourceTree = "<group>"; };
		810DD27E1CEB6BEA00EAF8A8 /* Base */ = {isa = PBXFileReference; lastKnownFileType = file.storyboard; name = Base; path = Base.lproj/LaunchScreen.storyboard; sourceTree = "<group>"; };
		810DD2801CEB6BEA00EAF8A8 /* Info.plist */ = {isa = PBXFileReference; lastKnownFileType = text.plist.xml; path = Info.plist; sourceTree = "<group>"; };
/* End PBXFileReference section */

/* Begin PBXFrameworksBuildPhase section */
		810DD26E1CEB6BEA00EAF8A8 /* Frameworks */ = {
			isa = PBXFrameworksBuildPhase;
			buildActionMask = 2147483647;
			files = (
			);
			runOnlyForDeploymentPostprocessing = 0;
		};
/* End PBXFrameworksBuildPhase section */

/* Begin PBXGroup section */
		810DD2681CEB6BEA00EAF8A8 = {
			isa = PBXGroup;
			children = (
				810DD2731CEB6BEA00EAF8A8 /* PetScape */,
				810DD2721CEB6BEA00EAF8A8 /* Products */,
			);
			sourceTree = "<group>";
		};
		810DD2721CEB6BEA00EAF8A8 /* Products */ = {
			isa = PBXGroup;
			children = (
				810DD2711CEB6BEA00EAF8A8 /* PetScape.app */,
			);
			name = Products;
			sourceTree = "<group>";
		};
		810DD2731CEB6BEA00EAF8A8 /* PetScape */ = {
			isa = PBXGroup;
			children = (
				810DD2741CEB6BEA00EAF8A8 /* AppDelegate.swift */,
				810DD2761CEB6BEA00EAF8A8 /* ViewController.swift */,
				810DD2781CEB6BEA00EAF8A8 /* Main.storyboard */,
				810DD27B1CEB6BEA00EAF8A8 /* Assets.xcassets */,
				810DD27D1CEB6BEA00EAF8A8 /* LaunchScreen.storyboard */,
				810DD2801CEB6BEA00EAF8A8 /* Info.plist */,
			);
			path = PetScape;
			sourceTree = "<group>";
		};
/* End PBXGroup section */

/* Begin PBXNativeTarget section */
		810DD2701CEB6BEA00EAF8A8 /* PetScape */ = {
			isa = PBXNativeTarget;
			buildConfigurationList = 810DD2831CEB6BEA00EAF8A8 /* Build configuration list for PBXNativeTarget "PetScape" */;
			buildPhases = (
				810DD26D1CEB6BEA00EAF8A8 /* Sources */,
				810DD26E1CEB6BEA00EAF8A8 /* Frameworks */,
				810DD26F1CEB6BEA00EAF8A8 /* Resources */,
			);
			buildRules = (
			);
			dependencies = (
			);
			name = PetScape;
			productName = PetScape;
			productReference = 810DD2711CEB6BEA00EAF8A8 /* PetScape.app */;
			productType = "com.apple.product-type.application";
		};
/* End PBXNativeTarget section */

/* Begin PBXProject section */
		810DD2691CEB6BEA00EAF8A8 /* Project object */ = {
			isa = PBXProject;
			attributes = {
				LastSwiftUpdateCheck = 0730;
				LastUpgradeCheck = 0730;
				ORGANIZATIONNAME = drw;
				TargetAttributes = {
					810DD2701CEB6BEA00EAF8A8 = {
						CreatedOnToolsVersion = 7.3.1;
					};
				};
			};
			buildConfigurationList = 810DD26C1CEB6BEA00EAF8A8 /* Build configuration list for PBXProject "PetScape" */;
			compatibilityVersion = "Xcode 3.2";
			developmentRegion = English;
			hasScannedForEncodings = 0;
			knownRegions = (
				en,
				Base,
			);
			mainGroup = 810DD2681CEB6BEA00EAF8A8;
			productRefGroup = 810DD2721CEB6BEA00EAF8A8 /* Products */;
			projectDirPath = "";
			projectRoot = "";
			targets = (
				810DD2701CEB6BEA00EAF8A8 /* PetScape */,
			);
		};
/* End PBXProject section */

/* Begin PBXResourcesBuildPhase section */
		810DD26F1CEB6BEA00EAF8A8 /* Resources */ = {
			isa = PBXResourcesBuildPhase;
			buildActionMask = 2147483647;
			files = (
				810DD27F1CEB6BEA00EAF8A8 /* LaunchScreen.storyboard in Resources */,
				810DD27C1CEB6BEA00EAF8A8 /* Assets.xcassets in Resources */,
				810DD27A1CEB6BEA00EAF8A8 /* Main.storyboard in Resources */,
			);
			runOnlyForDeploymentPostprocessing = 0;
		};
/* End PBXResourcesBuildPhase section */

/* Begin PBXSourcesBuildPhase section */
		810DD26D1CEB6BEA00EAF8A8 /* Sources */ = {
			isa = PBXSourcesBuildPhase;
			buildActionMask = 2147483647;
			files = (
				810DD2771CEB6BEA00EAF8A8 /* ViewController.swift in Sources */,
				810DD2751CEB6BEA00EAF8A8 /* AppDelegate.swift in Sources */,
			);
			runOnlyForDeploymentPostprocessing = 0;
		};
/* End PBXSourcesBuildPhase section */

/* Begin PBXVariantGroup section */
		810DD2781CEB6BEA00EAF8A8 /* Main.storyboard */ = {
			isa = PBXVariantGroup;
			children = (
				810DD2791CEB6BEA00EAF8A8 /* Base */,
			);
			name = Main.storyboard;
			sourceTree = "<group>";
		};
		810DD27D1CEB6BEA00EAF8A8 /* LaunchScreen.storyboard */ = {
			isa = PBXVariantGroup;
			children = (
				810DD27E1CEB6BEA00EAF8A8 /* Base */,
			);
			name = LaunchScreen.storyboard;
			sourceTree = "<group>";
		};
/* End PBXVariantGroup section */

/* Begin XCBuildConfiguration section */
		810DD2811CEB6BEA00EAF8A8 /* Debug */ = {
			isa = XCBuildConfiguration;
			buildSettings = {
				ALWAYS_SEARCH_USER_PATHS = NO;
				CLANG_ANALYZER_NONNULL = YES;
				CLANG_CXX_LANGUAGE_STANDARD = "gnu++0x";
				CLANG_CXX_LIBRARY = "libc++";
				CLANG_ENABLE_MODULES = YES;
				CLANG_ENABLE_OBJC_ARC = YES;
				CLANG_WARN_BOOL_CONVERSION = YES;
				CLANG_WARN_CONSTANT_CONVERSION = YES;
				CLANG_WARN_DIRECT_OBJC_ISA_USAGE = YES_ERROR;
				CLANG_WARN_EMPTY_BODY = YES;
				CLANG_WARN_ENUM_CONVERSION = YES;
				CLANG_WARN_INT_CONVERSION = YES;
				CLANG_WARN_OBJC_ROOT_CLASS = YES_ERROR;
				CLANG_WARN_UNREACHABLE_CODE = YES;
				CLANG_WARN__DUPLICATE_METHOD_MATCH = YES;
				"CODE_SIGN_IDENTITY[sdk=iphoneos*]" = "iPhone Developer";
				COPY_PHASE_STRIP = NO;
				DEBUG_INFORMATION_FORMAT = dwarf;
				ENABLE_STRICT_OBJC_MSGSEND = YES;
				ENABLE_TESTABILITY = YES;
				GCC_C_LANGUAGE_STANDARD = gnu99;
				GCC_DYNAMIC_NO_PIC = NO;
				GCC_NO_COMMON_BLOCKS = YES;
				GCC_OPTIMIZATION_LEVEL = 0;
				GCC_PREPROCESSOR_DEFINITIONS = (
					"DEBUG=1",
					"$(inherited)",
				);
				GCC_WARN_64_TO_32_BIT_CONVERSION = YES;
				GCC_WARN_ABOUT_RETURN_TYPE = YES_ERROR;
				GCC_WARN_UNDECLARED_SELECTOR = YES;
				GCC_WARN_UNINITIALIZED_AUTOS = YES_AGGRESSIVE;
				GCC_WARN_UNUSED_FUNCTION = YES;
				GCC_WARN_UNUSED_VARIABLE = YES;
				IPHONEOS_DEPLOYMENT_TARGET = 9.3;
				MTL_ENABLE_DEBUG_INFO = YES;
				ONLY_ACTIVE_ARCH = YES;
				SDKROOT = iphoneos;
				SWIFT_OPTIMIZATION_LEVEL = "-Onone";
				TARGETED_DEVICE_FAMILY = "1,2";
			};
			name = Debug;
		};
		810DD2821CEB6BEA00EAF8A8 /* Release */ = {
			isa = XCBuildConfiguration;
			buildSettings = {
				ALWAYS_SEARCH_USER_PATHS = NO;
				CLANG_ANALYZER_NONNULL = YES;
				CLANG_CXX_LANGUAGE_STANDARD = "gnu++0x";
				CLANG_CXX_LIBRARY = "libc++";
				CLANG_ENABLE_MODULES = YES;
				CLANG_ENABLE_OBJC_ARC = YES;
				CLANG_WARN_BOOL_CONVERSION = YES;
				CLANG_WARN_CONSTANT_CONVERSION = YES;
				CLANG_WARN_DIRECT_OBJC_ISA_USAGE = YES_ERROR;
				CLANG_WARN_EMPTY_BODY = YES;
				CLANG_WARN_ENUM_CONVERSION = YES;
				CLANG_WARN_INT_CONVERSION = YES;
				CLANG_WARN_OBJC_ROOT_CLASS = YES_ERROR;
				CLANG_WARN_UNREACHABLE_CODE = YES;
				CLANG_WARN__DUPLICATE_METHOD_MATCH = YES;
				"CODE_SIGN_IDENTITY[sdk=iphoneos*]" = "iPhone Developer";
				COPY_PHASE_STRIP = NO;
				DEBUG_INFORMATION_FORMAT = "dwarf-with-dsym";
				ENABLE_NS_ASSERTIONS = NO;
				ENABLE_STRICT_OBJC_MSGSEND = YES;
				GCC_C_LANGUAGE_STANDARD = gnu99;
				GCC_NO_COMMON_BLOCKS = YES;
				GCC_WARN_64_TO_32_BIT_CONVERSION = YES;
				GCC_WARN_ABOUT_RETURN_TYPE = YES_ERROR;
				GCC_WARN_UNDECLARED_SELECTOR = YES;
				GCC_WARN_UNINITIALIZED_AUTOS = YES_AGGRESSIVE;
				GCC_WARN_UNUSED_FUNCTION = YES;
				GCC_WARN_UNUSED_VARIABLE = YES;
				IPHONEOS_DEPLOYMENT_TARGET = 9.3;
				MTL_ENABLE_DEBUG_INFO = NO;
				SDKROOT = iphoneos;
				TARGETED_DEVICE_FAMILY = "1,2";
				VALIDATE_PRODUCT = YES;
			};
			name = Release;
		};
		810DD2841CEB6BEA00EAF8A8 /* Debug */ = {
			isa = XCBuildConfiguration;
			buildSettings = {
				ASSETCATALOG_COMPILER_APPICON_NAME = AppIcon;
				INFOPLIST_FILE = PetScape/Info.plist;
				LD_RUNPATH_SEARCH_PATHS = "$(inherited) @executable_path/Frameworks";
				PRODUCT_BUNDLE_IDENTIFIER = com.drw.PetScape;
				PRODUCT_NAME = "$(TARGET_NAME)";
			};
			name = Debug;
		};
		810DD2851CEB6BEA00EAF8A8 /* Release */ = {
			isa = XCBuildConfiguration;
			buildSettings = {
				ASSETCATALOG_COMPILER_APPICON_NAME = AppIcon;
				INFOPLIST_FILE = PetScape/Info.plist;
				LD_RUNPATH_SEARCH_PATHS = "$(inherited) @executable_path/Frameworks";
				PRODUCT_BUNDLE_IDENTIFIER = com.drw.PetScape;
				PRODUCT_NAME = "$(TARGET_NAME)";
			};
			name = Release;
		};
/* End XCBuildConfiguration section */

/* Begin XCConfigurationList section */
		810DD26C1CEB6BEA00EAF8A8 /* Build configuration list for PBXProject "PetScape" */ = {
			isa = XCConfigurationList;
			buildConfigurations = (
				810DD2811CEB6BEA00EAF8A8 /* Debug */,
				810DD2821CEB6BEA00EAF8A8 /* Release */,
			);
			defaultConfigurationIsVisible = 0;
			defaultConfigurationName = Release;
		};
		810DD2831CEB6BEA00EAF8A8 /* Build configuration list for PBXNativeTarget "PetScape" */ = {
			isa = XCConfigurationList;
			buildConfigurations = (
				810DD2841CEB6BEA00EAF8A8 /* Debug */,
				810DD2851CEB6BEA00EAF8A8 /* Release */,
			);
			defaultConfigurationIsVisible = 0;
		};
/* End XCConfigurationList section */
	};
	rootObject = 810DD2691CEB6BEA00EAF8A8 /* Project object */;
}
